<?xml version="1.0" encoding="utf-8"?>
<Project ToolsVersion="4.0" xmlns="http://schemas.microsoft.com/developer/msbuild/2003">
  <ItemGroup>
    <Filter Include="gamestate">
      <UniqueIdentifier>{da99172f-9af3-4f16-a113-f25d6517cea8}</UniqueIdentifier>
    </Filter>
    <Filter Include="other states">
      <UniqueIdentifier>{e7a34d48-895a-4dda-acd1-d7e0f9394e10}</UniqueIdentifier>
    </Filter>
    <Filter Include="managers">
      <UniqueIdentifier>{ced0c1f3-b7b1-492b-b7e8-74329414d5d2}</UniqueIdentifier>
    </Filter>
  </ItemGroup>
  <ItemGroup>
    <ClCompile Include="gamestate.cpp">
      <Filter>gamestate</Filter>
    </ClCompile>
    <ClCompile Include="pausestate.cpp">
      <Filter>gamestate</Filter>
    </ClCompile>
    <ClCompile Include="homestate.cpp">
      <Filter>other states</Filter>
    </ClCompile>
    <ClCompile Include="statesmanager.cpp">
      <Filter>managers</Filter>
    </ClCompile>
    <ClCompile Include="socketsmanager.cpp">
      <Filter>managers</Filter>
    </ClCompile>
    <ClCompile Include="main.cpp" />
    <ClCompile Include="shopstate.cpp">
      <Filter>other states</Filter>
    </ClCompile>
  </ItemGroup>
  <ItemGroup>
    <ClInclude Include="pausestate.hpp">
      <Filter>gamestate</Filter>
    </ClInclude>
    <ClInclude Include="gamestate.hpp">
      <Filter>gamestate</Filter>
    </ClInclude>
    <ClInclude Include="homestate.hpp">
      <Filter>other states</Filter>
    </ClInclude>
    <ClInclude Include="statesmanager.hpp">
      <Filter>managers</Filter>
    </ClInclude>
    <ClInclude Include="socketsmanager.hpp">
      <Filter>managers</Filter>
    </ClInclude>
    <ClInclude Include="settings.hpp" />
    <ClInclude Include="consts.hpp" />
    <ClInclude Include="state.hpp">
      <Filter>other states</Filter>
    </ClInclude>
    <ClInclude Include="gameinfo.hpp">
      <Filter>gamestate</Filter>
    </ClInclude>
    <ClInclude Include="weapons.hpp" />
    <ClInclude Include="shopstate.hpp">
      <Filter>other states</Filter>
    </ClInclude>
  </ItemGroup>
</Project>